Microsoft Visual Studio Solution File, Format Version 11.00
# Visual Studio 2008

Project("{5EDA13B4-6706-C706-F609-D81C5B4F209B}") = "Repo-Gamedesign-ZC", "Assembly-CSharp.csproj", "{474A41D2-BA7B-B6CC-0118-FCCE0EC7B334}"
EndProject
Global
	GlobalSection(SolutionConfigurationPlatforms) = preSolution
		Debug|Any CPU = Debug|Any CPU
		Release|Any CPU = Release|Any CPU
	EndGlobalSection
	GlobalSection(ProjectConfigurationPlatforms) = postSolution
		{474A41D2-BA7B-B6CC-0118-FCCE0EC7B334}.Debug|Any CPU.ActiveCfg = Debug|Any CPU
		{474A41D2-BA7B-B6CC-0118-FCCE0EC7B334}.Debug|Any CPU.Build.0 = Debug|Any CPU
		{474A41D2-BA7B-B6CC-0118-FCCE0EC7B334}.Release|Any CPU.ActiveCfg = Release|Any CPU
		{474A41D2-BA7B-B6CC-0118-FCCE0EC7B334}.Release|Any CPU.Build.0 = Release|Any CPU
	EndGlobalSection
	GlobalSection(SolutionProperties) = preSolution
		HideSolutionNode = FALSE
	EndGlobalSection
	GlobalSection(MonoDevelopProperties) = preSolution
		StartupItem = Assembly-CSharp.csproj
		Policies = $0
		$0.TextStylePolicy = $1
		$1.inheritsSet = null
		$1.scope = text/x-csharp
		$0.CSharpFormattingPolicy = $2
		$2.inheritsSet = Mono
		$2.inheritsScope = text/x-csharp
		$2.scope = text/x-csharp
		$0.TextStylePolicy = $3
		$3.FileWidth = 120
		$3.TabWidth = 4
		$3.EolMarker = Unix
		$3.inheritsSet = Mono
		$3.inheritsScope = text/plain
		$3.scope = text/plain
	EndGlobalSection
EndGlobal
